
Microsoft Visual Studio Solution File, Format Version 12.00
# Visual Studio Version 17
VisualStudioVersion = 17.1.32228.430
MinimumVisualStudioVersion = 10.0.40219.1
Project("{9A19103F-16F7-4668-BE54-9A1E7A4F7556}") = "Ricco.AppWPF", "Ricco.AppWPF\Ricco.AppWPF.csproj", "{CCDDE0BE-5C08-4B70-83C1-4449BD209068}"
EndProject
Project("{2150E333-8FDC-42A3-9474-1A3956D46DE8}") = "1 - FrontEnd", "1 - FrontEnd", "{6E1AC6FF-DE6E-460F-B21B-F5CB3A38A5AE}"
EndProject
Project("{2150E333-8FDC-42A3-9474-1A3956D46DE8}") = "2 - BackEnd", "2 - BackEnd", "{172E23D8-6611-4C99-A385-8F14E4C5E981}"
EndProject
Project("{2150E333-8FDC-42A3-9474-1A3956D46DE8}") = "1.0 - WPF", "1.0 - WPF", "{0390EC3D-010B-4660-858A-655AC3CDC4DE}"
EndProject
Project("{2150E333-8FDC-42A3-9474-1A3956D46DE8}") = "2.0 - ApplicationService", "2.0 - ApplicationService", "{334EC68F-52FF-4695-8979-B40FC61D18E2}"
EndProject
Project("{2150E333-8FDC-42A3-9474-1A3956D46DE8}") = "2.1 - DataAccess", "2.1 - DataAccess", "{5C657016-D9B3-4C16-939F-D9DCD1DDA55C}"
EndProject
Project("{2150E333-8FDC-42A3-9474-1A3956D46DE8}") = "2.2 - DomainModel", "2.2 - DomainModel", "{450584AF-1526-4488-A0E2-DFD0236DFC54}"
EndProject
Project("{2150E333-8FDC-42A3-9474-1A3956D46DE8}") = "1.1 - AzureHttpFunction", "1.1 - AzureHttpFunction", "{047029E3-1226-4013-81EA-AA461EDBF83A}"
EndProject
Project("{9A19103F-16F7-4668-BE54-9A1E7A4F7556}") = "Ricco.DomainModel", "Ricco.DomainModel\Ricco.DomainModel.csproj", "{E7C8FAFB-2AE3-4FBC-BF72-DAA45B9A2CF8}"
EndProject
Project("{9A19103F-16F7-4668-BE54-9A1E7A4F7556}") = "Ricco.DataAccess", "Ricco.DataAccess\Ricco.DataAccess.csproj", "{93F73C7C-6629-484F-822F-BDF32D18BDDB}"
EndProject
Project("{9A19103F-16F7-4668-BE54-9A1E7A4F7556}") = "Ricco.ApplicationService", "Ricco.ApplicationService\Ricco.ApplicationService.csproj", "{10A48CDE-D62A-44E2-A90C-4B1F62113BC0}"
EndProject
Project("{9A19103F-16F7-4668-BE54-9A1E7A4F7556}") = "Ricco.HttpAzFunction", "Ricco.HttpAzFunction\Ricco.HttpAzFunction.csproj", "{D89B9D4B-DE16-44A4-A2E4-BF39975E0AB1}"
EndProject
Global
	GlobalSection(SolutionConfigurationPlatforms) = preSolution
		Debug|Any CPU = Debug|Any CPU
		Release|Any CPU = Release|Any CPU
	EndGlobalSection
	GlobalSection(ProjectConfigurationPlatforms) = postSolution
		{CCDDE0BE-5C08-4B70-83C1-4449BD209068}.Debug|Any CPU.ActiveCfg = Debug|Any CPU
		{CCDDE0BE-5C08-4B70-83C1-4449BD209068}.Debug|Any CPU.Build.0 = Debug|Any CPU
		{CCDDE0BE-5C08-4B70-83C1-4449BD209068}.Release|Any CPU.ActiveCfg = Release|Any CPU
		{CCDDE0BE-5C08-4B70-83C1-4449BD209068}.Release|Any CPU.Build.0 = Release|Any CPU
		{E7C8FAFB-2AE3-4FBC-BF72-DAA45B9A2CF8}.Debug|Any CPU.ActiveCfg = Debug|Any CPU
		{E7C8FAFB-2AE3-4FBC-BF72-DAA45B9A2CF8}.Debug|Any CPU.Build.0 = Debug|Any CPU
		{E7C8FAFB-2AE3-4FBC-BF72-DAA45B9A2CF8}.Release|Any CPU.ActiveCfg = Release|Any CPU
		{E7C8FAFB-2AE3-4FBC-BF72-DAA45B9A2CF8}.Release|Any CPU.Build.0 = Release|Any CPU
		{93F73C7C-6629-484F-822F-BDF32D18BDDB}.Debug|Any CPU.ActiveCfg = Debug|Any CPU
		{93F73C7C-6629-484F-822F-BDF32D18BDDB}.Debug|Any CPU.Build.0 = Debug|Any CPU
		{93F73C7C-6629-484F-822F-BDF32D18BDDB}.Release|Any CPU.ActiveCfg = Release|Any CPU
		{93F73C7C-6629-484F-822F-BDF32D18BDDB}.Release|Any CPU.Build.0 = Release|Any CPU
		{10A48CDE-D62A-44E2-A90C-4B1F62113BC0}.Debug|Any CPU.ActiveCfg = Debug|Any CPU
		{10A48CDE-D62A-44E2-A90C-4B1F62113BC0}.Debug|Any CPU.Build.0 = Debug|Any CPU
		{10A48CDE-D62A-44E2-A90C-4B1F62113BC0}.Release|Any CPU.ActiveCfg = Release|Any CPU
		{10A48CDE-D62A-44E2-A90C-4B1F62113BC0}.Release|Any CPU.Build.0 = Release|Any CPU
		{D89B9D4B-DE16-44A4-A2E4-BF39975E0AB1}.Debug|Any CPU.ActiveCfg = Debug|Any CPU
		{D89B9D4B-DE16-44A4-A2E4-BF39975E0AB1}.Debug|Any CPU.Build.0 = Debug|Any CPU
		{D89B9D4B-DE16-44A4-A2E4-BF39975E0AB1}.Release|Any CPU.ActiveCfg = Release|Any CPU
		{D89B9D4B-DE16-44A4-A2E4-BF39975E0AB1}.Release|Any CPU.Build.0 = Release|Any CPU
	EndGlobalSection
	GlobalSection(SolutionProperties) = preSolution
		HideSolutionNode = FALSE
	EndGlobalSection
	GlobalSection(NestedProjects) = preSolution
		{CCDDE0BE-5C08-4B70-83C1-4449BD209068} = {0390EC3D-010B-4660-858A-655AC3CDC4DE}
		{0390EC3D-010B-4660-858A-655AC3CDC4DE} = {6E1AC6FF-DE6E-460F-B21B-F5CB3A38A5AE}
		{334EC68F-52FF-4695-8979-B40FC61D18E2} = {172E23D8-6611-4C99-A385-8F14E4C5E981}
		{5C657016-D9B3-4C16-939F-D9DCD1DDA55C} = {172E23D8-6611-4C99-A385-8F14E4C5E981}
		{450584AF-1526-4488-A0E2-DFD0236DFC54} = {172E23D8-6611-4C99-A385-8F14E4C5E981}
		{047029E3-1226-4013-81EA-AA461EDBF83A} = {6E1AC6FF-DE6E-460F-B21B-F5CB3A38A5AE}
		{E7C8FAFB-2AE3-4FBC-BF72-DAA45B9A2CF8} = {450584AF-1526-4488-A0E2-DFD0236DFC54}
		{93F73C7C-6629-484F-822F-BDF32D18BDDB} = {5C657016-D9B3-4C16-939F-D9DCD1DDA55C}
		{10A48CDE-D62A-44E2-A90C-4B1F62113BC0} = {334EC68F-52FF-4695-8979-B40FC61D18E2}
		{D89B9D4B-DE16-44A4-A2E4-BF39975E0AB1} = {047029E3-1226-4013-81EA-AA461EDBF83A}
	EndGlobalSection
	GlobalSection(ExtensibilityGlobals) = postSolution
		SolutionGuid = {10F65DFF-CBF6-4F37-BE34-3387B5D22E96}
	EndGlobalSection
EndGlobal
